
Microsoft Visual Studio Solution File, Format Version 12.00
# Visual Studio 14
VisualStudioVersion = 14.0.25420.1
MinimumVisualStudioVersion = 10.0.40219.1
Project("{2150E333-8FDC-42A3-9474-1A3956D46DE8}") = "src", "src", "{1A6E86D0-8337-4DFA-9E72-2E60034EBA00}"
EndProject
Project("{2150E333-8FDC-42A3-9474-1A3956D46DE8}") = "Solution Items", "Solution Items", "{C45F505F-5E5B-44D4-B295-4E4AC6AF853A}"
	ProjectSection(SolutionItems) = preProject
		global.json = global.json
	EndProjectSection
EndProject
Project("{8BB2217D-0F2D-49D1-97BC-3654ED321F3B}") = "Futmondazo", "src\Futmondazo\Futmondazo.xproj", "{591CD75F-2E5F-4324-BAD3-DE2148497E1E}"
EndProject
Global
	GlobalSection(SolutionConfigurationPlatforms) = preSolution
		Debug|Any CPU = Debug|Any CPU
		Release|Any CPU = Release|Any CPU
	EndGlobalSection
	GlobalSection(ProjectConfigurationPlatforms) = postSolution
		{591CD75F-2E5F-4324-BAD3-DE2148497E1E}.Debug|Any CPU.ActiveCfg = Debug|Any CPU
		{591CD75F-2E5F-4324-BAD3-DE2148497E1E}.Debug|Any CPU.Build.0 = Debug|Any CPU
		{591CD75F-2E5F-4324-BAD3-DE2148497E1E}.Release|Any CPU.ActiveCfg = Release|Any CPU
		{591CD75F-2E5F-4324-BAD3-DE2148497E1E}.Release|Any CPU.Build.0 = Release|Any CPU
	EndGlobalSection
	GlobalSection(SolutionProperties) = preSolution
		HideSolutionNode = FALSE
	EndGlobalSection
	GlobalSection(NestedProjects) = preSolution
		{591CD75F-2E5F-4324-BAD3-DE2148497E1E} = {1A6E86D0-8337-4DFA-9E72-2E60034EBA00}
	EndGlobalSection
EndGlobal
